
Microsoft Visual Studio Solution File, Format Version 12.00
# Visual Studio Version 17
VisualStudioVersion = 17.0.32112.339
MinimumVisualStudioVersion = 10.0.40219.1
Project("{9A19103F-16F7-4668-BE54-9A1E7A4F7556}") = "fgciitjo", "fgciitjo.csproj", "{D03851B8-14CB-4CE4-AA33-2DA4AA39B60B}"
EndProject
Project("{9A19103F-16F7-4668-BE54-9A1E7A4F7556}") = "fgciitjo.domain", "..\fgciitjo.domain\fgciitjo.domain.csproj", "{5174F70C-8C14-43B3-A24C-E2120531DD97}"
EndProject
Project("{9A19103F-16F7-4668-BE54-9A1E7A4F7556}") = "fgciitjo.service", "..\fgciitjo.service\fgciitjo.service.csproj", "{9CFCCA80-A018-4DC4-B747-9603C5B86DE9}"
EndProject
Project("{9A19103F-16F7-4668-BE54-9A1E7A4F7556}") = "fgciitjo.common", "..\fgciitjo.common\fgciitjo.common.csproj", "{A93DBCC7-5827-4723-BC6B-45154D2CE1E0}"
EndProject
Global
	GlobalSection(SolutionConfigurationPlatforms) = preSolution
		Debug|Any CPU = Debug|Any CPU
		Release|Any CPU = Release|Any CPU
	EndGlobalSection
	GlobalSection(ProjectConfigurationPlatforms) = postSolution
		{D03851B8-14CB-4CE4-AA33-2DA4AA39B60B}.Debug|Any CPU.ActiveCfg = Debug|Any CPU
		{D03851B8-14CB-4CE4-AA33-2DA4AA39B60B}.Debug|Any CPU.Build.0 = Debug|Any CPU
		{D03851B8-14CB-4CE4-AA33-2DA4AA39B60B}.Release|Any CPU.ActiveCfg = Release|Any CPU
		{D03851B8-14CB-4CE4-AA33-2DA4AA39B60B}.Release|Any CPU.Build.0 = Release|Any CPU
		{5174F70C-8C14-43B3-A24C-E2120531DD97}.Debug|Any CPU.ActiveCfg = Debug|Any CPU
		{5174F70C-8C14-43B3-A24C-E2120531DD97}.Debug|Any CPU.Build.0 = Debug|Any CPU
		{5174F70C-8C14-43B3-A24C-E2120531DD97}.Release|Any CPU.ActiveCfg = Release|Any CPU
		{5174F70C-8C14-43B3-A24C-E2120531DD97}.Release|Any CPU.Build.0 = Release|Any CPU
		{9CFCCA80-A018-4DC4-B747-9603C5B86DE9}.Debug|Any CPU.ActiveCfg = Debug|Any CPU
		{9CFCCA80-A018-4DC4-B747-9603C5B86DE9}.Debug|Any CPU.Build.0 = Debug|Any CPU
		{9CFCCA80-A018-4DC4-B747-9603C5B86DE9}.Release|Any CPU.ActiveCfg = Release|Any CPU
		{9CFCCA80-A018-4DC4-B747-9603C5B86DE9}.Release|Any CPU.Build.0 = Release|Any CPU
		{A93DBCC7-5827-4723-BC6B-45154D2CE1E0}.Debug|Any CPU.ActiveCfg = Debug|Any CPU
		{A93DBCC7-5827-4723-BC6B-45154D2CE1E0}.Debug|Any CPU.Build.0 = Debug|Any CPU
		{A93DBCC7-5827-4723-BC6B-45154D2CE1E0}.Release|Any CPU.ActiveCfg = Release|Any CPU
		{A93DBCC7-5827-4723-BC6B-45154D2CE1E0}.Release|Any CPU.Build.0 = Release|Any CPU
	EndGlobalSection
	GlobalSection(SolutionProperties) = preSolution
		HideSolutionNode = FALSE
	EndGlobalSection
	GlobalSection(ExtensibilityGlobals) = postSolution
		SolutionGuid = {23249F9F-6012-42F7-AED1-5F43195ED457}
	EndGlobalSection
EndGlobal
